// !$*UTF8*$!
{
	archiveVersion = 1;
	classes = {
	};
	objectVersion = 46;
	objects = {

/* Begin PBXBuildFile section */
		6EC4981D194D948000F083F0 /* Foundation.framework in Frameworks */ = {isa = PBXBuildFile; fileRef = 6EC4981C194D948000F083F0 /* Foundation.framework */; };
		6EC4981F194D948000F083F0 /* CoreGraphics.framework in Frameworks */ = {isa = PBXBuildFile; fileRef = 6EC4981E194D948000F083F0 /* CoreGraphics.framework */; };
		6EC49821194D948000F083F0 /* UIKit.framework in Frameworks */ = {isa = PBXBuildFile; fileRef = 6EC49820194D948000F083F0 /* UIKit.framework */; };
		6EC49827194D948000F083F0 /* InfoPlist.strings in Resources */ = {isa = PBXBuildFile; fileRef = 6EC49825194D948000F083F0 /* InfoPlist.strings */; };
		6EC49829194D948000F083F0 /* main.m in Sources */ = {isa = PBXBuildFile; fileRef = 6EC49828194D948000F083F0 /* main.m */; };
		6EC4982D194D948000F083F0 /* AppDelegate.m in Sources */ = {isa = PBXBuildFile; fileRef = 6EC4982C194D948000F083F0 /* AppDelegate.m */; };
		6EC49830194D948000F083F0 /* Main.storyboard in Resources */ = {isa = PBXBuildFile; fileRef = 6EC4982E194D948000F083F0 /* Main.storyboard */; };
		6EC49835194D948000F083F0 /* Images.xcassets in Resources */ = {isa = PBXBuildFile; fileRef = 6EC49834194D948000F083F0 /* Images.xcassets */; };
		6EC4983C194D948000F083F0 /* XCTest.framework in Frameworks */ = {isa = PBXBuildFile; fileRef = 6EC4983B194D948000F083F0 /* XCTest.framework */; };
		6EC4983D194D948000F083F0 /* Foundation.framework in Frameworks */ = {isa = PBXBuildFile; fileRef = 6EC4981C194D948000F083F0 /* Foundation.framework */; };
		6EC4983E194D948000F083F0 /* UIKit.framework in Frameworks */ = {isa = PBXBuildFile; fileRef = 6EC49820194D948000F083F0 /* UIKit.framework */; };
		6EC49846194D948000F083F0 /* InfoPlist.strings in Resources */ = {isa = PBXBuildFile; fileRef = 6EC49844194D948000F083F0 /* InfoPlist.strings */; };
		6EC49848194D948000F083F0 /* AppMenuTests.m in Sources */ = {isa = PBXBuildFile; fileRef = 6EC49847194D948000F083F0 /* AppMenuTests.m */; };
		6EC49853194D94B500F083F0 /* MenuViewController.m in Sources */ = {isa = PBXBuildFile; fileRef = 6EC49852194D94B500F083F0 /* MenuViewController.m */; };
		6EC49856194D952B00F083F0 /* MenuLayout.m in Sources */ = {isa = PBXBuildFile; fileRef = 6EC49855194D952B00F083F0 /* MenuLayout.m */; };
		6EC49859194D95D300F083F0 /* MenuIconCell.m in Sources */ = {isa = PBXBuildFile; fileRef = 6EC49858194D95D300F083F0 /* MenuIconCell.m */; };
/* End PBXBuildFile section */

/* Begin PBXContainerItemProxy section */
		6EC4983F194D948000F083F0 /* PBXContainerItemProxy */ = {
			isa = PBXContainerItemProxy;
			containerPortal = 6EC49811194D948000F083F0 /* Project object */;
			proxyType = 1;
			remoteGlobalIDString = 6EC49818194D948000F083F0;
			remoteInfo = AppMenu;
		};
/* End PBXContainerItemProxy section */

/* Begin PBXFileReference section */
		6EC49819194D948000F083F0 /* AppMenu.app */ = {isa = PBXFileReference; explicitFileType = wrapper.application; includeInIndex = 0; path = AppMenu.app; sourceTree = BUILT_PRODUCTS_DIR; };
		6EC4981C194D948000F083F0 /* Foundation.framework */ = {isa = PBXFileReference; lastKnownFileType = wrapper.framework; name = Foundation.framework; path = System/Library/Frameworks/Foundation.framework; sourceTree = SDKROOT; };
		6EC4981E194D948000F083F0 /* CoreGraphics.framework */ = {isa = PBXFileReference; lastKnownFileType = wrapper.framework; name = CoreGraphics.framework; path = System/Library/Frameworks/CoreGraphics.framework; sourceTree = SDKROOT; };
		6EC49820194D948000F083F0 /* UIKit.framework */ = {isa = PBXFileReference; lastKnownFileType = wrapper.framework; name = UIKit.framework; path = System/Library/Frameworks/UIKit.framework; sourceTree = SDKROOT; };
		6EC49824194D948000F083F0 /* AppMenu-Info.plist */ = {isa = PBXFileReference; lastKnownFileType = text.plist.xml; path = "AppMenu-Info.plist"; sourceTree = "<group>"; };
		6EC49826194D948000F083F0 /* en */ = {isa = PBXFileReference; lastKnownFileType = text.plist.strings; name = en; path = en.lproj/InfoPlist.strings; sourceTree = "<group>"; };
		6EC49828194D948000F083F0 /* main.m */ = {isa = PBXFileReference; lastKnownFileType = sourcecode.c.objc; path = main.m; sourceTree = "<group>"; };
		6EC4982A194D948000F083F0 /* AppMenu-Prefix.pch */ = {isa = PBXFileReference; lastKnownFileType = sourcecode.c.h; path = "AppMenu-Prefix.pch"; sourceTree = "<group>"; };
		6EC4982B194D948000F083F0 /* AppDelegate.h */ = {isa = PBXFileReference; lastKnownFileType = sourcecode.c.h; path = AppDelegate.h; sourceTree = "<group>"; };
		6EC4982C194D948000F083F0 /* AppDelegate.m */ = {isa = PBXFileReference; lastKnownFileType = sourcecode.c.objc; path = AppDelegate.m; sourceTree = "<group>"; };
		6EC4982F194D948000F083F0 /* Base */ = {isa = PBXFileReference; lastKnownFileType = file.storyboard; name = Base; path = Base.lproj/Main.storyboard; sourceTree = "<group>"; };
		6EC49834194D948000F083F0 /* Images.xcassets */ = {isa = PBXFileReference; lastKnownFileType = folder.assetcatalog; path = Images.xcassets; sourceTree = "<group>"; };
		6EC4983A194D948000F083F0 /* AppMenuTests.xctest */ = {isa = PBXFileReference; explicitFileType = wrapper.cfbundle; includeInIndex = 0; path = AppMenuTests.xctest; sourceTree = BUILT_PRODUCTS_DIR; };
		6EC4983B194D948000F083F0 /* XCTest.framework */ = {isa = PBXFileReference; lastKnownFileType = wrapper.framework; name = XCTest.framework; path = Library/Frameworks/XCTest.framework; sourceTree = DEVELOPER_DIR; };
		6EC49843194D948000F083F0 /* AppMenuTests-Info.plist */ = {isa = PBXFileReference; lastKnownFileType = text.plist.xml; path = "AppMenuTests-Info.plist"; sourceTree = "<group>"; };
		6EC49845194D948000F083F0 /* en */ = {isa = PBXFileReference; lastKnownFileType = text.plist.strings; name = en; path = en.lproj/InfoPlist.strings; sourceTree = "<group>"; };
		6EC49847194D948000F083F0 /* AppMenuTests.m */ = {isa = PBXFileReference; lastKnownFileType = sourcecode.c.objc; path = AppMenuTests.m; sourceTree = "<group>"; };
		6EC49851194D94B500F083F0 /* MenuViewController.h */ = {isa = PBXFileReference; fileEncoding = 4; lastKnownFileType = sourcecode.c.h; path = MenuViewController.h; sourceTree = "<group>"; };
		6EC49852194D94B500F083F0 /* MenuViewController.m */ = {isa = PBXFileReference; fileEncoding = 4; lastKnownFileType = sourcecode.c.objc; path = MenuViewController.m; sourceTree = "<group>"; };
		6EC49854194D952B00F083F0 /* MenuLayout.h */ = {isa = PBXFileReference; fileEncoding = 4; lastKnownFileType = sourcecode.c.h; path = MenuLayout.h; sourceTree = "<group>"; };
		6EC49855194D952B00F083F0 /* MenuLayout.m */ = {isa = PBXFileReference; fileEncoding = 4; lastKnownFileType = sourcecode.c.objc; path = MenuLayout.m; sourceTree = "<group>"; };
		6EC49857194D95D300F083F0 /* MenuIconCell.h */ = {isa = PBXFileReference; fileEncoding = 4; lastKnownFileType = sourcecode.c.h; path = MenuIconCell.h; sourceTree = "<group>"; };
		6EC49858194D95D300F083F0 /* MenuIconCell.m */ = {isa = PBXFileReference; fileEncoding = 4; lastKnownFileType = sourcecode.c.objc; path = MenuIconCell.m; sourceTree = "<group>"; };
/* End PBXFileReference section */

/* Begin PBXFrameworksBuildPhase section */
		6EC49816194D948000F083F0 /* Frameworks */ = {
			isa = PBXFrameworksBuildPhase;
			buildActionMask = 2147483647;
			files = (
				6EC4981F194D948000F083F0 /* CoreGraphics.framework in Frameworks */,
				6EC49821194D948000F083F0 /* UIKit.framework in Frameworks */,
				6EC4981D194D948000F083F0 /* Foundation.framework in Frameworks */,
			);
			runOnlyForDeploymentPostprocessing = 0;
		};
		6EC49837194D948000F083F0 /* Frameworks */ = {
			isa = PBXFrameworksBuildPhase;
			buildActionMask = 2147483647;
			files = (
				6EC4983C194D948000F083F0 /* XCTest.framework in Frameworks */,
				6EC4983E194D948000F083F0 /* UIKit.framework in Frameworks */,
				6EC4983D194D948000F083F0 /* Foundation.framework in Frameworks */,
			);
			runOnlyForDeploymentPostprocessing = 0;
		};
/* End PBXFrameworksBuildPhase section */

/* Begin PBXGroup section */
		6EC49810194D948000F083F0 = {
			isa = PBXGroup;
			children = (
				6EC49822194D948000F083F0 /* AppMenu */,
				6EC49841194D948000F083F0 /* AppMenuTests */,
				6EC4981B194D948000F083F0 /* Frameworks */,
				6EC4981A194D948000F083F0 /* Products */,
			);
			sourceTree = "<group>";
		};
		6EC4981A194D948000F083F0 /* Products */ = {
			isa = PBXGroup;
			children = (
				6EC49819194D948000F083F0 /* AppMenu.app */,
				6EC4983A194D948000F083F0 /* AppMenuTests.xctest */,
			);
			name = Products;
			sourceTree = "<group>";
		};
		6EC4981B194D948000F083F0 /* Frameworks */ = {
			isa = PBXGroup;
			children = (
				6EC4981C194D948000F083F0 /* Foundation.framework */,
				6EC4981E194D948000F083F0 /* CoreGraphics.framework */,
				6EC49820194D948000F083F0 /* UIKit.framework */,
				6EC4983B194D948000F083F0 /* XCTest.framework */,
			);
			name = Frameworks;
			sourceTree = "<group>";
		};
		6EC49822194D948000F083F0 /* AppMenu */ = {
			isa = PBXGroup;
			children = (
				6EC4982B194D948000F083F0 /* AppDelegate.h */,
				6EC4982C194D948000F083F0 /* AppDelegate.m */,
				6EC4982E194D948000F083F0 /* Main.storyboard */,
				6EC49834194D948000F083F0 /* Images.xcassets */,
				6EC49823194D948000F083F0 /* Supporting Files */,
				6EC49851194D94B500F083F0 /* MenuViewController.h */,
				6EC49852194D94B500F083F0 /* MenuViewController.m */,
				6EC49854194D952B00F083F0 /* MenuLayout.h */,
				6EC49855194D952B00F083F0 /* MenuLayout.m */,
				6EC49857194D95D300F083F0 /* MenuIconCell.h */,
				6EC49858194D95D300F083F0 /* MenuIconCell.m */,
			);
			path = AppMenu;
			sourceTree = "<group>";
		};
		6EC49823194D948000F083F0 /* Supporting Files */ = {
			isa = PBXGroup;
			children = (
				6EC49824194D948000F083F0 /* AppMenu-Info.plist */,
				6EC49825194D948000F083F0 /* InfoPlist.strings */,
				6EC49828194D948000F083F0 /* main.m */,
				6EC4982A194D948000F083F0 /* AppMenu-Prefix.pch */,
			);
			name = "Supporting Files";
			sourceTree = "<group>";
		};
		6EC49841194D948000F083F0 /* AppMenuTests */ = {
			isa = PBXGroup;
			children = (
				6EC49847194D948000F083F0 /* AppMenuTests.m */,
				6EC49842194D948000F083F0 /* Supporting Files */,
			);
			path = AppMenuTests;
			sourceTree = "<group>";
		};
		6EC49842194D948000F083F0 /* Supporting Files */ = {
			isa = PBXGroup;
			children = (
				6EC49843194D948000F083F0 /* AppMenuTests-Info.plist */,
				6EC49844194D948000F083F0 /* InfoPlist.strings */,
			);
			name = "Supporting Files";
			sourceTree = "<group>";
		};
/* End PBXGroup section */

/* Begin PBXNativeTarget section */
		6EC49818194D948000F083F0 /* AppMenu */ = {
			isa = PBXNativeTarget;
			buildConfigurationList = 6EC4984B194D948000F083F0 /* Build configuration list for PBXNativeTarget "AppMenu" */;
			buildPhases = (
				6EC49815194D948000F083F0 /* Sources */,
				6EC49816194D948000F083F0 /* Frameworks */,
				6EC49817194D948000F083F0 /* Resources */,
			);
			buildRules = (
			);
			dependencies = (
			);
			name = AppMenu;
			productName = AppMenu;
			productReference = 6EC49819194D948000F083F0 /* AppMenu.app */;
			productType = "com.apple.product-type.application";
		};
		6EC49839194D948000F083F0 /* AppMenuTests */ = {
			isa = PBXNativeTarget;
			buildConfigurationList = 6EC4984E194D948000F083F0 /* Build configuration list for PBXNativeTarget "AppMenuTests" */;
			buildPhases = (
				6EC49836194D948000F083F0 /* Sources */,
				6EC49837194D948000F083F0 /* Frameworks */,
				6EC49838194D948000F083F0 /* Resources */,
			);
			buildRules = (
			);
			dependencies = (
				6EC49840194D948000F083F0 /* PBXTargetDependency */,
			);
			name = AppMenuTests;
			productName = AppMenuTests;
			productReference = 6EC4983A194D948000F083F0 /* AppMenuTests.xctest */;
			productType = "com.apple.product-type.bundle.unit-test";
		};
/* End PBXNativeTarget section */

/* Begin PBXProject section */
		6EC49811194D948000F083F0 /* Project object */ = {
			isa = PBXProject;
			attributes = {
				LastUpgradeCheck = 0510;
				ORGANIZATIONNAME = Greencraft;
				TargetAttributes = {
					6EC49839194D948000F083F0 = {
						TestTargetID = 6EC49818194D948000F083F0;
					};
				};
			};
			buildConfigurationList = 6EC49814194D948000F083F0 /* Build configuration list for PBXProject "AppMenu" */;
			compatibilityVersion = "Xcode 3.2";
			developmentRegion = English;
			hasScannedForEncodings = 0;
			knownRegions = (
				en,
				Base,
			);
			mainGroup = 6EC49810194D948000F083F0;
			productRefGroup = 6EC4981A194D948000F083F0 /* Products */;
			projectDirPath = "";
			projectRoot = "";
			targets = (
				6EC49818194D948000F083F0 /* AppMenu */,
				6EC49839194D948000F083F0 /* AppMenuTests */,
			);
		};
/* End PBXProject section */

/* Begin PBXResourcesBuildPhase section */
		6EC49817194D948000F083F0 /* Resources */ = {
			isa = PBXResourcesBuildPhase;
			buildActionMask = 2147483647;
			files = (
				6EC49835194D948000F083F0 /* Images.xcassets in Resources */,
				6EC49827194D948000F083F0 /* InfoPlist.strings in Resources */,
				6EC49830194D948000F083F0 /* Main.storyboard in Resources */,
			);
			runOnlyForDeploymentPostprocessing = 0;
		};
		6EC49838194D948000F083F0 /* Resources */ = {
			isa = PBXResourcesBuildPhase;
			buildActionMask = 2147483647;
			files = (
				6EC49846194D948000F083F0 /* InfoPlist.strings in Resources */,
			);
			runOnlyForDeploymentPostprocessing = 0;
		};
/* End PBXResourcesBuildPhase section */

/* Begin PBXSourcesBuildPhase section */
		6EC49815194D948000F083F0 /* Sources */ = {
			isa = PBXSourcesBuildPhase;
			buildActionMask = 2147483647;
			files = (
				6EC49859194D95D300F083F0 /* MenuIconCell.m in Sources */,
				6EC4982D194D948000F083F0 /* AppDelegate.m in Sources */,
				6EC49829194D948000F083F0 /* main.m in Sources */,
				6EC49856194D952B00F083F0 /* MenuLayout.m in Sources */,
				6EC49853194D94B500F083F0 /* MenuViewController.m in Sources */,
			);
			runOnlyForDeploymentPostprocessing = 0;
		};
		6EC49836194D948000F083F0 /* Sources */ = {
			isa = PBXSourcesBuildPhase;
			buildActionMask = 2147483647;
			files = (
				6EC49848194D948000F083F0 /* AppMenuTests.m in Sources */,
			);
			runOnlyForDeploymentPostprocessing = 0;
		};
/* End PBXSourcesBuildPhase section */

/* Begin PBXTargetDependency section */
		6EC49840194D948000F083F0 /* PBXTargetDependency */ = {
			isa = PBXTargetDependency;
			target = 6EC49818194D948000F083F0 /* AppMenu */;
			targetProxy = 6EC4983F194D948000F083F0 /* PBXContainerItemProxy */;
		};
/* End PBXTargetDependency section */

/* Begin PBXVariantGroup section */
		6EC49825194D948000F083F0 /* InfoPlist.strings */ = {
			isa = PBXVariantGroup;
			children = (
				6EC49826194D948000F083F0 /* en */,
			);
			name = InfoPlist.strings;
			sourceTree = "<group>";
		};
		6EC4982E194D948000F083F0 /* Main.storyboard */ = {
			isa = PBXVariantGroup;
			children = (
				6EC4982F194D948000F083F0 /* Base */,
			);
			name = Main.storyboard;
			sourceTree = "<group>";
		};
		6EC49844194D948000F083F0 /* InfoPlist.strings */ = {
			isa = PBXVariantGroup;
			children = (
				6EC49845194D948000F083F0 /* en */,
			);
			name = InfoPlist.strings;
			sourceTree = "<group>";
		};
/* End PBXVariantGroup section */

/* Begin XCBuildConfiguration section */
		6EC49849194D948000F083F0 /* Debug */ = {
			isa = XCBuildConfiguration;
			buildSettings = {
				ALWAYS_SEARCH_USER_PATHS = NO;
				CLANG_CXX_LANGUAGE_STANDARD = "gnu++0x";
				CLANG_CXX_LIBRARY = "libc++";
				CLANG_ENABLE_MODULES = YES;
				CLANG_ENABLE_OBJC_ARC = YES;
				CLANG_WARN_BOOL_CONVERSION = YES;
				CLANG_WARN_CONSTANT_CONVERSION = YES;
				CLANG_WARN_DIRECT_OBJC_ISA_USAGE = YES_ERROR;
				CLANG_WARN_EMPTY_BODY = YES;
				CLANG_WARN_ENUM_CONVERSION = YES;
				CLANG_WARN_INT_CONVERSION = YES;
				CLANG_WARN_OBJC_ROOT_CLASS = YES_ERROR;
				CLANG_WARN__DUPLICATE_METHOD_MATCH = YES;
				"CODE_SIGN_IDENTITY[sdk=iphoneos*]" = "iPhone Developer";
				COPY_PHASE_STRIP = NO;
				GCC_C_LANGUAGE_STANDARD = gnu99;
				GCC_DYNAMIC_NO_PIC = NO;
				GCC_OPTIMIZATION_LEVEL = 0;
				GCC_PREPROCESSOR_DEFINITIONS = (
					"DEBUG=1",
					"$(inherited)",
				);
				GCC_SYMBOLS_PRIVATE_EXTERN = NO;
				GCC_WARN_64_TO_32_BIT_CONVERSION = YES;
				GCC_WARN_ABOUT_RETURN_TYPE = YES_ERROR;
				GCC_WARN_UNDECLARED_SELECTOR = YES;
				GCC_WARN_UNINITIALIZED_AUTOS = YES_AGGRESSIVE;
				GCC_WARN_UNUSED_FUNCTION = YES;
				GCC_WARN_UNUSED_VARIABLE = YES;
				IPHONEOS_DEPLOYMENT_TARGET = 7.1;
				ONLY_ACTIVE_ARCH = YES;
				SDKROOT = iphoneos;
				TARGETED_DEVICE_FAMILY = 2;
			};
			name = Debug;
		};
		6EC4984A194D948000F083F0 /* Release */ = {
			isa = XCBuildConfiguration;
			buildSettings = {
				ALWAYS_SEARCH_USER_PATHS = NO;
				CLANG_CXX_LANGUAGE_STANDARD = "gnu++0x";
				CLANG_CXX_LIBRARY = "libc++";
				CLANG_ENABLE_MODULES = YES;
				CLANG_ENABLE_OBJC_ARC = YES;
				CLANG_WARN_BOOL_CONVERSION = YES;
				CLANG_WARN_CONSTANT_CONVERSION = YES;
				CLANG_WARN_DIRECT_OBJC_ISA_USAGE = YES_ERROR;
				CLANG_WARN_EMPTY_BODY = YES;
				CLANG_WARN_ENUM_CONVERSION = YES;
				CLANG_WARN_INT_CONVERSION = YES;
				CLANG_WARN_OBJC_ROOT_CLASS = YES_ERROR;
				CLANG_WARN__DUPLICATE_METHOD_MATCH = YES;
				"CODE_SIGN_IDENTITY[sdk=iphoneos*]" = "iPhone Developer";
				COPY_PHASE_STRIP = YES;
				ENABLE_NS_ASSERTIONS = NO;
				GCC_C_LANGUAGE_STANDARD = gnu99;
				GCC_WARN_64_TO_32_BIT_CONVERSION = YES;
				GCC_WARN_ABOUT_RETURN_TYPE = YES_ERROR;
				GCC_WARN_UNDECLARED_SELECTOR = YES;
				GCC_WARN_UNINITIALIZED_AUTOS = YES_AGGRESSIVE;
				GCC_WARN_UNUSED_FUNCTION = YES;
				GCC_WARN_UNUSED_VARIABLE = YES;
				IPHONEOS_DEPLOYMENT_TARGET = 7.1;
				SDKROOT = iphoneos;
				TARGETED_DEVICE_FAMILY = 2;
				VALIDATE_PRODUCT = YES;
			};
			name = Release;
		};
		6EC4984C194D948000F083F0 /* Debug */ = {
			isa = XCBuildConfiguration;
			buildSettings = {
				ASSETCATALOG_COMPILER_APPICON_NAME = AppIcon;
				ASSETCATALOG_COMPILER_LAUNCHIMAGE_NAME = LaunchImage;
				GCC_PRECOMPILE_PREFIX_HEADER = YES;
				GCC_PREFIX_HEADER = "AppMenu/AppMenu-Prefix.pch";
				INFOPLIST_FILE = "AppMenu/AppMenu-Info.plist";
				PRODUCT_NAME = "$(TARGET_NAME)";
				WRAPPER_EXTENSION = app;
			};
			name = Debug;
		};
		6EC4984D194D948000F083F0 /* Release */ = {
			isa = XCBuildConfiguration;
			buildSettings = {
				ASSETCATALOG_COMPILER_APPICON_NAME = AppIcon;
				ASSETCATALOG_COMPILER_LAUNCHIMAGE_NAME = LaunchImage;
				GCC_PRECOMPILE_PREFIX_HEADER = YES;
				GCC_PREFIX_HEADER = "AppMenu/AppMenu-Prefix.pch";
				INFOPLIST_FILE = "AppMenu/AppMenu-Info.plist";
				PRODUCT_NAME = "$(TARGET_NAME)";
				WRAPPER_EXTENSION = app;
			};
			name = Release;
		};
		6EC4984F194D948000F083F0 /* Debug */ = {
			isa = XCBuildConfiguration;
			buildSettings = {
				BUNDLE_LOADER = "$(BUILT_PRODUCTS_DIR)/AppMenu.app/AppMenu";
				FRAMEWORK_SEARCH_PATHS = (
					"$(SDKROOT)/Developer/Library/Frameworks",
					"$(inherited)",
					"$(DEVELOPER_FRAMEWORKS_DIR)",
				);
				GCC_PRECOMPILE_PREFIX_HEADER = YES;
				GCC_PREFIX_HEADER = "AppMenu/AppMenu-Prefix.pch";
				GCC_PREPROCESSOR_DEFINITIONS = (
					"DEBUG=1",
					"$(inherited)",
				);
				INFOPLIST_FILE = "AppMenuTests/AppMenuTests-Info.plist";
				PRODUCT_NAME = "$(TARGET_NAME)";
				TEST_HOST = "$(BUNDLE_LOADER)";
				WRAPPER_EXTENSION = xctest;
			};
			name = Debug;
		};
		6EC49850194D948000F083F0 /* Release */ = {
			isa = XCBuildConfiguration;
			buildSettings = {
				BUNDLE_LOADER = "$(BUILT_PRODUCTS_DIR)/AppMenu.app/AppMenu";
				FRAMEWORK_SEARCH_PATHS = (
					"$(SDKROOT)/Developer/Library/Frameworks",
					"$(inherited)",
					"$(DEVELOPER_FRAMEWORKS_DIR)",
				);
				GCC_PRECOMPILE_PREFIX_HEADER = YES;
				GCC_PREFIX_HEADER = "AppMenu/AppMenu-Prefix.pch";
				INFOPLIST_FILE = "AppMenuTests/AppMenuTests-Info.plist";
				PRODUCT_NAME = "$(TARGET_NAME)";
				TEST_HOST = "$(BUNDLE_LOADER)";
				WRAPPER_EXTENSION = xctest;
			};
			name = Release;
		};
/* End XCBuildConfiguration section */

/* Begin XCConfigurationList section */
		6EC49814194D948000F083F0 /* Build configuration list for PBXProject "AppMenu" */ = {
			isa = XCConfigurationList;
			buildConfigurations = (
				6EC49849194D948000F083F0 /* Debug */,
				6EC4984A194D948000F083F0 /* Release */,
			);
			defaultConfigurationIsVisible = 0;
			defaultConfigurationName = Release;
		};
		6EC4984B194D948000F083F0 /* Build configuration list for PBXNativeTarget "AppMenu" */ = {
			isa = XCConfigurationList;
			buildConfigurations = (
				6EC4984C194D948000F083F0 /* Debug */,
				6EC4984D194D948000F083F0 /* Release */,
			);
			defaultConfigurationIsVisible = 0;
		};
		6EC4984E194D948000F083F0 /* Build configuration list for PBXNativeTarget "AppMenuTests" */ = {
			isa = XCConfigurationList;
			buildConfigurations = (
				6EC4984F194D948000F083F0 /* Debug */,
				6EC49850194D948000F083F0 /* Release */,
			);
			defaultConfigurationIsVisible = 0;
		};
/* End XCConfigurationList section */
	};
	rootObject = 6EC49811194D948000F083F0 /* Project object */;
}
